
Microsoft Visual Studio Solution File, Format Version 12.00
# Visual Studio Version 17
VisualStudioVersion = 17.9.34622.214
MinimumVisualStudioVersion = 10.0.40219.1
Project("{FAE04EC0-301F-11D3-BF4B-00C04F79EFBC}") = "topic 8.5 hangman test", "topic 8.5 hangman test.csproj", "{66A55D96-90A9-4D5C-AB34-EDD17C092BEC}"
EndProject
Global
	GlobalSection(SolutionConfigurationPlatforms) = preSolution
		Debug|Any CPU = Debug|Any CPU
		Release|Any CPU = Release|Any CPU
	EndGlobalSection
	GlobalSection(ProjectConfigurationPlatforms) = postSolution
		{66A55D96-90A9-4D5C-AB34-EDD17C092BEC}.Debug|Any CPU.ActiveCfg = Debug|Any CPU
		{66A55D96-90A9-4D5C-AB34-EDD17C092BEC}.Debug|Any CPU.Build.0 = Debug|Any CPU
		{66A55D96-90A9-4D5C-AB34-EDD17C092BEC}.Release|Any CPU.ActiveCfg = Release|Any CPU
		{66A55D96-90A9-4D5C-AB34-EDD17C092BEC}.Release|Any CPU.Build.0 = Release|Any CPU
	EndGlobalSection
	GlobalSection(SolutionProperties) = preSolution
		HideSolutionNode = FALSE
	EndGlobalSection
	GlobalSection(ExtensibilityGlobals) = postSolution
		SolutionGuid = {C65499D7-BE50-4E19-8EA9-C188DB903E47}
	EndGlobalSection
EndGlobal
